
Microsoft Visual Studio Solution File, Format Version 12.00
# Visual Studio Version 16
VisualStudioVersion = 16.0.30002.166
MinimumVisualStudioVersion = 10.0.40219.1
Project("{FAE04EC0-301F-11D3-BF4B-00C04F79EFBC}") = "Padroes", "Padroes\Padroes.csproj", "{08DD64F0-28B4-4E62-B939-EEFD81F0ACAB}"
EndProject
Global
	GlobalSection(SolutionConfigurationPlatforms) = preSolution
		Debug|Any CPU = Debug|Any CPU
		Release|Any CPU = Release|Any CPU
	EndGlobalSection
	GlobalSection(ProjectConfigurationPlatforms) = postSolution
		{08DD64F0-28B4-4E62-B939-EEFD81F0ACAB}.Debug|Any CPU.ActiveCfg = Debug|Any CPU
		{08DD64F0-28B4-4E62-B939-EEFD81F0ACAB}.Debug|Any CPU.Build.0 = Debug|Any CPU
		{08DD64F0-28B4-4E62-B939-EEFD81F0ACAB}.Release|Any CPU.ActiveCfg = Release|Any CPU
		{08DD64F0-28B4-4E62-B939-EEFD81F0ACAB}.Release|Any CPU.Build.0 = Release|Any CPU
	EndGlobalSection
	GlobalSection(SolutionProperties) = preSolution
		HideSolutionNode = FALSE
	EndGlobalSection
	GlobalSection(ExtensibilityGlobals) = postSolution
		SolutionGuid = {EA98C4B0-7B8B-45BD-BD42-FC5769D980FA}
	EndGlobalSection
EndGlobal
